
Microsoft Visual Studio Solution File, Format Version 12.00
# Visual Studio Version 17
VisualStudioVersion = 17.1.32210.238
MinimumVisualStudioVersion = 10.0.40219.1
Project("{FAE04EC0-301F-11D3-BF4B-00C04F79EFBC}") = "SaleService.API", "SaleService.API\SaleService.API.csproj", "{B63EC23E-0B8E-4E55-A3EC-C262F0BC1C2A}"
EndProject
Project("{FAE04EC0-301F-11D3-BF4B-00C04F79EFBC}") = "SaleService.BL", "SaleService.BL\SaleService.BL.csproj", "{9CC1A862-F91E-4280-9A79-225F7CF37C53}"
EndProject
Project("{FAE04EC0-301F-11D3-BF4B-00C04F79EFBC}") = "SaleService.DAL", "SaleService.DAL\SaleService.DAL.csproj", "{809A5E36-737A-4F3F-8AA4-D0F3440B76C7}"
EndProject
Global
	GlobalSection(SolutionConfigurationPlatforms) = preSolution
		Debug|Any CPU = Debug|Any CPU
		Release|Any CPU = Release|Any CPU
	EndGlobalSection
	GlobalSection(ProjectConfigurationPlatforms) = postSolution
		{B63EC23E-0B8E-4E55-A3EC-C262F0BC1C2A}.Debug|Any CPU.ActiveCfg = Debug|Any CPU
		{B63EC23E-0B8E-4E55-A3EC-C262F0BC1C2A}.Debug|Any CPU.Build.0 = Debug|Any CPU
		{B63EC23E-0B8E-4E55-A3EC-C262F0BC1C2A}.Release|Any CPU.ActiveCfg = Release|Any CPU
		{B63EC23E-0B8E-4E55-A3EC-C262F0BC1C2A}.Release|Any CPU.Build.0 = Release|Any CPU
		{9CC1A862-F91E-4280-9A79-225F7CF37C53}.Debug|Any CPU.ActiveCfg = Debug|Any CPU
		{9CC1A862-F91E-4280-9A79-225F7CF37C53}.Debug|Any CPU.Build.0 = Debug|Any CPU
		{9CC1A862-F91E-4280-9A79-225F7CF37C53}.Release|Any CPU.ActiveCfg = Release|Any CPU
		{9CC1A862-F91E-4280-9A79-225F7CF37C53}.Release|Any CPU.Build.0 = Release|Any CPU
		{809A5E36-737A-4F3F-8AA4-D0F3440B76C7}.Debug|Any CPU.ActiveCfg = Debug|Any CPU
		{809A5E36-737A-4F3F-8AA4-D0F3440B76C7}.Debug|Any CPU.Build.0 = Debug|Any CPU
		{809A5E36-737A-4F3F-8AA4-D0F3440B76C7}.Release|Any CPU.ActiveCfg = Release|Any CPU
		{809A5E36-737A-4F3F-8AA4-D0F3440B76C7}.Release|Any CPU.Build.0 = Release|Any CPU
	EndGlobalSection
	GlobalSection(SolutionProperties) = preSolution
		HideSolutionNode = FALSE
	EndGlobalSection
	GlobalSection(ExtensibilityGlobals) = postSolution
		SolutionGuid = {BE135BB9-9093-4D75-9F4B-E207714B5E76}
	EndGlobalSection
EndGlobal
